
Microsoft Visual Studio Solution File, Format Version 12.00
# Visual Studio Version 17
VisualStudioVersion = 17.8.34330.188
MinimumVisualStudioVersion = 10.0.40219.1
Project("{9A19103F-16F7-4668-BE54-9A1E7A4F7556}") = "minimal-api", "minimal-api.csproj", "{20999863-8C20-4654-BA83-0E3E5345D174}"
EndProject
Project("{FAE04EC0-301F-11D3-BF4B-00C04F79EFBC}") = "Test", "..\Test\Test.csproj", "{594CB801-FF21-42A1-BA02-59C21010C0BB}"
EndProject
Global
	GlobalSection(SolutionConfigurationPlatforms) = preSolution
		Debug|Any CPU = Debug|Any CPU
		Release|Any CPU = Release|Any CPU
	EndGlobalSection
	GlobalSection(ProjectConfigurationPlatforms) = postSolution
		{20999863-8C20-4654-BA83-0E3E5345D174}.Debug|Any CPU.ActiveCfg = Debug|Any CPU
		{20999863-8C20-4654-BA83-0E3E5345D174}.Debug|Any CPU.Build.0 = Debug|Any CPU
		{20999863-8C20-4654-BA83-0E3E5345D174}.Release|Any CPU.ActiveCfg = Release|Any CPU
		{20999863-8C20-4654-BA83-0E3E5345D174}.Release|Any CPU.Build.0 = Release|Any CPU
		{594CB801-FF21-42A1-BA02-59C21010C0BB}.Debug|Any CPU.ActiveCfg = Debug|Any CPU
		{594CB801-FF21-42A1-BA02-59C21010C0BB}.Debug|Any CPU.Build.0 = Debug|Any CPU
		{594CB801-FF21-42A1-BA02-59C21010C0BB}.Release|Any CPU.ActiveCfg = Release|Any CPU
		{594CB801-FF21-42A1-BA02-59C21010C0BB}.Release|Any CPU.Build.0 = Release|Any CPU
	EndGlobalSection
	GlobalSection(SolutionProperties) = preSolution
		HideSolutionNode = FALSE
	EndGlobalSection
	GlobalSection(ExtensibilityGlobals) = postSolution
		SolutionGuid = {167BA970-CB1D-4D7A-9E8F-76A3FFFD4AA7}
	EndGlobalSection
EndGlobal
